github.com/TheSp1der/httpclient v0.0.0-20190811020906-032fd23ddf4f h1:odFRbEaFzdk3eY0/ba+wk3zojNQWE8XSdr0BVKaWNfI=
github.com/TheSp1der/httpclient v0.0.0-20190811020906-032fd23ddf4f/go.mod h1:RpU227Ze62oo+1kCYbWf+y+OSPq5f2A771+gSb7s17M=
github.com/gofrs/uuid v3.2.0+incompatible h1:y12jRkkFxsd7GpqdSZ+/KCs/fJbqpEXSGd4+jfEaewE=
github.com/gofrs/uuid v3.2.0+incompatible/go.mod h1:b2aQJv3Z4Fp6yNu3cdSllBxTCLRxnplIgP/c0N/04lM=
